{
  "projects": [
    {
      "projectId": "gmeH6XgPaBtkt51HunAo4g",
      "version": "18.25.0",
      "dependencies": {},
      "lang": "ts",
      "fileLocks": [
        {
          "assetId": "gmeH6XgPaBtkt51HunAo4g",
          "type": "projectCss",
          "checksum": "fd97b5780f8a68a1561c8818e6d31f40"
        },
        {
          "assetId": "gmeH6XgPaBtkt51HunAo4g",
          "checksum": "b257914c183ee7b8f06149f466106930",
          "type": "projectModule"
        },
        {
          "assetId": "gmeH6XgPaBtkt51HunAo4g",
          "checksum": "2761cb86563caae329d2f632cfefa8f5",
          "type": "styleTokensProvider"
        }
      ],
      "codegenVersion": "0.0.2"
    },
    {
      "projectId": "7nJ7UcFmq9UzB6eXfC5z4a",
      "version": "0.36.0",
      "dependencies": {},
      "lang": "ts",
      "fileLocks": [
        {
          "assetId": "7nJ7UcFmq9UzB6eXfC5z4a",
          "type": "projectCss",
          "checksum": "094acef1b416945664ed3718a7cd2665"
        },
        {
          "assetId": "7nJ7UcFmq9UzB6eXfC5z4a",
          "checksum": "7163d6064a75eb61d5378e18a09f8af8",
          "type": "projectModule"
        },
        {
          "assetId": "7nJ7UcFmq9UzB6eXfC5z4a",
          "checksum": "4b44efa19ae2bdd8aa4d0e4ecd07daf0",
          "type": "styleTokensProvider"
        }
      ],
      "codegenVersion": "0.0.2"
    },
    {
      "projectId": "dgD6tD4Ewxhqspb6sCy7BF",
      "version": "latest",
      "dependencies": {
        "7nJ7UcFmq9UzB6eXfC5z4a": "0.36.0",
        "gmeH6XgPaBtkt51HunAo4g": "18.25.0"
      },
      "lang": "ts",
      "fileLocks": [
        {
          "type": "globalVariant",
          "assetId": "JgNpf40ESx3-",
          "checksum": "1d6c75d2b85d39b041793f1afa9c6c15"
        },
        {
          "assetId": "dgD6tD4Ewxhqspb6sCy7BF",
          "checksum": "fd2870a39ab5b848843bf378e46e7d01",
          "type": "projectModule"
        },
        {
          "assetId": "dgD6tD4Ewxhqspb6sCy7BF",
          "checksum": "7dd269094fcceb9f30a8d5d51149a7a2",
          "type": "styleTokensProvider"
        },
        {
          "type": "renderModule",
          "assetId": "wFwlEvJcKSdL",
          "checksum": "c6f907bd0b465ee8127d42448ddaa412"
        },
        {
          "type": "cssRules",
          "assetId": "wFwlEvJcKSdL",
          "checksum": "c6f907bd0b465ee8127d42448ddaa412"
        },
        {
          "type": "renderModule",
          "assetId": "tWzId98YkATG",
          "checksum": "cf569aa544b592a97d7d3f7dc9e4816e"
        },
        {
          "type": "cssRules",
          "assetId": "tWzId98YkATG",
          "checksum": "cf569aa544b592a97d7d3f7dc9e4816e"
        },
        {
          "type": "renderModule",
          "assetId": "ajsPqx1oBlDB",
          "checksum": "a34394be9bdd72dc72c65e1fecf5d30a"
        },
        {
          "type": "cssRules",
          "assetId": "ajsPqx1oBlDB",
          "checksum": "a34394be9bdd72dc72c65e1fecf5d30a"
        },
        {
          "type": "renderModule",
          "assetId": "CeyhfwEGeRg3",
          "checksum": "97142ab6a71577851041399d5a540417"
        },
        {
          "type": "cssRules",
          "assetId": "CeyhfwEGeRg3",
          "checksum": "97142ab6a71577851041399d5a540417"
        },
        {
          "type": "renderModule",
          "assetId": "f3xTBu9OXBfI",
          "checksum": "b52b66361024573df95ee414f2b5ce2c"
        },
        {
          "type": "cssRules",
          "assetId": "f3xTBu9OXBfI",
          "checksum": "b52b66361024573df95ee414f2b5ce2c"
        },
        {
          "type": "renderModule",
          "assetId": "xykPv9jj4pl1",
          "checksum": "3b9f47f956e0ba678869d4c61c3015db"
        },
        {
          "type": "cssRules",
          "assetId": "xykPv9jj4pl1",
          "checksum": "3b9f47f956e0ba678869d4c61c3015db"
        },
        {
          "type": "renderModule",
          "assetId": "Fis_QJg04R--",
          "checksum": "1cff1c2dc08a3b477499ce6751685e8e"
        },
        {
          "type": "cssRules",
          "assetId": "Fis_QJg04R--",
          "checksum": "1cff1c2dc08a3b477499ce6751685e8e"
        },
        {
          "type": "renderModule",
          "assetId": "qFkfK3KQeqRh",
          "checksum": "e580676d60b0e61e84dc92d01d3e809f"
        },
        {
          "type": "cssRules",
          "assetId": "qFkfK3KQeqRh",
          "checksum": "e580676d60b0e61e84dc92d01d3e809f"
        },
        {
          "type": "icon",
          "assetId": "262Lrz5rLa7u",
          "checksum": "94bedde3fc646d6a974b7cbcb19ed5f9"
        },
        {
          "type": "icon",
          "assetId": "tB93X32VAB49",
          "checksum": "525ed4b7af71b0ae8dd6e2eadbb6a894"
        },
        {
          "type": "icon",
          "assetId": "Dgdy28Xcebf8",
          "checksum": "68f2fb1f10597783d61e090283c15e3a"
        },
        {
          "type": "icon",
          "assetId": "T43aGawb0gTj",
          "checksum": "f930fe11a045ce9252b2f360d3b1bbbe"
        },
        {
          "type": "icon",
          "assetId": "N77GgJ1R2nu2",
          "checksum": "9c706c7ce48e2350ae8d81668b1e64bf"
        },
        {
          "type": "icon",
          "assetId": "SfghQv7FcTT6",
          "checksum": "3d2cdadb3748f77b03e96d17e706daf2"
        },
        {
          "type": "icon",
          "assetId": "jRwwBthmmqhH",
          "checksum": "ea22914edd855be0136ff19e85e8ca35"
        },
        {
          "type": "icon",
          "assetId": "gY-qg1dQ_n5S",
          "checksum": "02d734405bfd7e56223078e78dc8de6f"
        },
        {
          "type": "icon",
          "assetId": "9Adjy3wpvXSN",
          "checksum": "0b53ed86bbf66caa1358246e0260698a"
        },
        {
          "type": "icon",
          "assetId": "6dMZZeXdg09o",
          "checksum": "fb18fb24db613fe27affb4fd3c73a62b"
        },
        {
          "type": "icon",
          "assetId": "Nlxupyv4z74S",
          "checksum": "cdcb750062fc8697db2799d14b774c8a"
        },
        {
          "type": "icon",
          "assetId": "qfvTKJEYfBxN",
          "checksum": "ba8ccdd08901add86d8903ec214513b6"
        },
        {
          "type": "image",
          "assetId": "0Nmc7lgosfrG",
          "checksum": "66a3dc4eae1329515d702591d47a8445"
        },
        {
          "type": "image",
          "assetId": "FsJPQ_17c0Ts",
          "checksum": "41792579d8c6f2cf32535d8870e0ce21"
        },
        {
          "type": "image",
          "assetId": "6XqSu5NjL9H1",
          "checksum": "d14b83cc118d343597d855ce34264297"
        },
        {
          "type": "image",
          "assetId": "rFu6-ormrkJx",
          "checksum": "e4158e2378dbb11f46891e9f08b59769"
        },
        {
          "type": "image",
          "assetId": "jCLk3MrqAaEx",
          "checksum": "19f38b40e7decd1242286d38db7abb28"
        },
        {
          "type": "image",
          "assetId": "zShTEYZE9Nak",
          "checksum": "8094b6ffa681110098895186a11e4e41"
        },
        {
          "type": "image",
          "assetId": "xIWFLhlav0ej",
          "checksum": "d42ec888911e9473c9f5d43981edbd4b"
        },
        {
          "type": "image",
          "assetId": "JneaxrggZRx3",
          "checksum": "75901c31150c6077a2d9f568aa97d44d"
        },
        {
          "type": "image",
          "assetId": "PcyaeEiI0E3s",
          "checksum": "cdb5cb4dc1ddf8908973d39527e6b69b"
        },
        {
          "type": "image",
          "assetId": "TLxeWR0Logk5",
          "checksum": "3fbf4ad2c56aca5498fe877bae501e46"
        },
        {
          "type": "image",
          "assetId": "De3wYeeqL0iu",
          "checksum": "0e245f085a31a95b3a15910bce33bb47"
        },
        {
          "type": "image",
          "assetId": "ipoDKeUrUjBr",
          "checksum": "f83b1c2ed95f6427db7f820c1c47ad84"
        },
        {
          "type": "image",
          "assetId": "96gr3eCKqzAT",
          "checksum": "5ea60cbd16ac1429ae335db40e97e0aa"
        },
        {
          "type": "image",
          "assetId": "X2lWx5rFSxvR",
          "checksum": "b57e764af393c1096adbef5f4745e34f"
        },
        {
          "type": "image",
          "assetId": "PYr6IJZR6E6q",
          "checksum": "e7a01e986bcda8ad287ba4dd7b2de927"
        },
        {
          "type": "image",
          "assetId": "qYFOrLCXPpIH",
          "checksum": "5398063fab746d1557201475ffa2e929"
        },
        {
          "type": "image",
          "assetId": "g78aK6OJ9HSC",
          "checksum": "cbfa9e43ca963732169254adc8239acd"
        },
        {
          "type": "image",
          "assetId": "ajreE3Ag0qQ8",
          "checksum": "f9bc77ae7409de3f1b72b1beae2244d8"
        },
        {
          "type": "image",
          "assetId": "7qZ9orHELkzT",
          "checksum": "fa8076099e20c5211983ecbc6f1eec0a"
        },
        {
          "type": "image",
          "assetId": "hS4Phi9lHRAN",
          "checksum": "f08a0b810ac9ae711747213f4aa509c9"
        },
        {
          "type": "image",
          "assetId": "R7SSl1nyXkPS",
          "checksum": "1f61fe0aeeacd01962addf0f38c67900"
        },
        {
          "type": "image",
          "assetId": "VxYC6n-roQ78",
          "checksum": "80f202951a7b3f2c1dd71153455398fc"
        },
        {
          "type": "image",
          "assetId": "AzP_T75QAssN",
          "checksum": "eacd953077933dd1ed7b64d91875be5d"
        },
        {
          "type": "image",
          "assetId": "uV8QtUsIxlCj",
          "checksum": "a9e6c7a5bbd672eb1c0a20286fff42b3"
        },
        {
          "type": "image",
          "assetId": "68F0uEGxkVnx",
          "checksum": "d73a54c0f99ea59aad668586f48e741d"
        },
        {
          "type": "image",
          "assetId": "-7GmaagiJJ0w",
          "checksum": "994e1927876555310096734ffea6dafd"
        },
        {
          "type": "image",
          "assetId": "2wheim_XHxtI",
          "checksum": "595f543600dee36c9c11bb00c399b2be"
        },
        {
          "type": "image",
          "assetId": "7RddRfGIzct2",
          "checksum": "fe4fe62aff97609f3d0b7dbeb69f7821"
        },
        {
          "type": "image",
          "assetId": "TZOPXqN65GBa",
          "checksum": "7fd652a0e16a86d116297e07c1bf2133"
        },
        {
          "type": "image",
          "assetId": "ezlFEsy7SLQg",
          "checksum": "3f79086221e7c802f07085eba4666dcd"
        },
        {
          "type": "image",
          "assetId": "aIxA2zZOAD2X",
          "checksum": "671fedba38ed034f211472432c3f926b"
        },
        {
          "type": "image",
          "assetId": "Ur5-7MaHgxQZ",
          "checksum": "91c7e6af7c6de2d2e17a378b301ce52a"
        },
        {
          "type": "image",
          "assetId": "HHC2xB6HQJLX",
          "checksum": "0c86cd2f228847e84c57dd37271d044c"
        },
        {
          "type": "image",
          "assetId": "-H8bnHt1mc5_",
          "checksum": "72031f723af4e2a7e3d2d504014e8aab"
        },
        {
          "type": "image",
          "assetId": "LFYjhtlO-zzw",
          "checksum": "1b1a278710ed4cbed6633f3e190b9368"
        },
        {
          "type": "image",
          "assetId": "149Af76Z4jPb",
          "checksum": "7ce425d1afe01eb555c739d2cdb70ddf"
        },
        {
          "type": "image",
          "assetId": "_8WKUUUwgn-N",
          "checksum": "88958fc5a698c373d9b55890feb52eb8"
        },
        {
          "type": "image",
          "assetId": "zRiOTVclgUxb",
          "checksum": "05e9dcbd1aa80b22e29a16d57ca6a5e6"
        },
        {
          "type": "image",
          "assetId": "VpcL6dTxv6rM",
          "checksum": "25e98484abc1500953b3c85f17c19cb5"
        },
        {
          "type": "image",
          "assetId": "6pgMbnia7iYX",
          "checksum": "a2108363d5ab0ddbd7cde76fed9d6061"
        },
        {
          "type": "image",
          "assetId": "8eY2CQpP1Mlw",
          "checksum": "da5c20df91e1d49803821a296cee43c8"
        },
        {
          "assetId": "dgD6tD4Ewxhqspb6sCy7BF",
          "type": "projectCss",
          "checksum": "dacaed7b2d11f621cc9005c35f9cda2b"
        },
        {
          "assetId": "dgD6tD4Ewxhqspb6sCy7BF",
          "checksum": "0d9168291a9c8aa2c8349a31cd8f6065",
          "type": "globalContexts"
        }
      ],
      "codegenVersion": "0.0.2"
    }
  ],
  "cliVersion": "0.1.342"
}
